
Microsoft Visual Studio Solution File, Format Version 12.00
# Visual Studio Version 16
VisualStudioVersion = 16.0.30002.166
MinimumVisualStudioVersion = 10.0.40219.1
Project("{FAE04EC0-301F-11D3-BF4B-00C04F79EFBC}") = "OnlineStore_ASP.net", "OnlineStore_ASP.net\OnlineStore_ASP.net.csproj", "{B899BDB1-CC25-43F9-9F99-F4E5C4C9FF60}"
EndProject
Global
	GlobalSection(SolutionConfigurationPlatforms) = preSolution
		Debug|Any CPU = Debug|Any CPU
		Release|Any CPU = Release|Any CPU
	EndGlobalSection
	GlobalSection(ProjectConfigurationPlatforms) = postSolution
		{B899BDB1-CC25-43F9-9F99-F4E5C4C9FF60}.Debug|Any CPU.ActiveCfg = Debug|Any CPU
		{B899BDB1-CC25-43F9-9F99-F4E5C4C9FF60}.Debug|Any CPU.Build.0 = Debug|Any CPU
		{B899BDB1-CC25-43F9-9F99-F4E5C4C9FF60}.Release|Any CPU.ActiveCfg = Release|Any CPU
		{B899BDB1-CC25-43F9-9F99-F4E5C4C9FF60}.Release|Any CPU.Build.0 = Release|Any CPU
	EndGlobalSection
	GlobalSection(SolutionProperties) = preSolution
		HideSolutionNode = FALSE
	EndGlobalSection
	GlobalSection(ExtensibilityGlobals) = postSolution
		SolutionGuid = {567FD0F0-ED36-44A1-BB36-AA1975DBCCEC}
	EndGlobalSection
EndGlobal
